
Microsoft Visual Studio Solution File, Format Version 12.00
# Visual Studio Version 17
VisualStudioVersion = 17.9.34728.123
MinimumVisualStudioVersion = 10.0.40219.1
Project("{FAE04EC0-301F-11D3-BF4B-00C04F79EFBC}") = "csharp-abstract-animals", "csharp-abstract-animals\csharp-abstract-animals.csproj", "{F6C50AAA-7DCD-46AA-856C-A66A6D852D03}"
EndProject
Global
	GlobalSection(SolutionConfigurationPlatforms) = preSolution
		Debug|Any CPU = Debug|Any CPU
		Release|Any CPU = Release|Any CPU
	EndGlobalSection
	GlobalSection(ProjectConfigurationPlatforms) = postSolution
		{F6C50AAA-7DCD-46AA-856C-A66A6D852D03}.Debug|Any CPU.ActiveCfg = Debug|Any CPU
		{F6C50AAA-7DCD-46AA-856C-A66A6D852D03}.Debug|Any CPU.Build.0 = Debug|Any CPU
		{F6C50AAA-7DCD-46AA-856C-A66A6D852D03}.Release|Any CPU.ActiveCfg = Release|Any CPU
		{F6C50AAA-7DCD-46AA-856C-A66A6D852D03}.Release|Any CPU.Build.0 = Release|Any CPU
	EndGlobalSection
	GlobalSection(SolutionProperties) = preSolution
		HideSolutionNode = FALSE
	EndGlobalSection
	GlobalSection(ExtensibilityGlobals) = postSolution
		SolutionGuid = {72E8824E-A3B4-427E-BE0B-4436E4849E0B}
	EndGlobalSection
EndGlobal
